// !$*UTF8*$!
{
	archiveVersion = 1;
	classes = {
	};
	objectVersion = 46;
	objects = {

/* Begin PBXBuildFile section */
		15B9DB091CA1A16F00AE3E83 /* main.c in Sources */ = {isa = PBXBuildFile; fileRef = 15B9DB081CA1A16F00AE3E83 /* main.c */; };
/* End PBXBuildFile section */

/* Begin PBXCopyFilesBuildPhase section */
		15B9DB031CA1A16F00AE3E83 /* CopyFiles */ = {
			isa = PBXCopyFilesBuildPhase;
			buildActionMask = 2147483647;
			dstPath = /usr/share/man/man1/;
			dstSubfolderSpec = 0;
			files = (
			);
			runOnlyForDeploymentPostprocessing = 1;
		};
/* End PBXCopyFilesBuildPhase section */

/* Begin PBXFileReference section */
		15B9DB051CA1A16F00AE3E83 /* anyKextLoader */ = {isa = PBXFileReference; explicitFileType = "compiled.mach-o.executable"; includeInIndex = 0; path = anyKextLoader; sourceTree = BUILT_PRODUCTS_DIR; };
		15B9DB081CA1A16F00AE3E83 /* main.c */ = {isa = PBXFileReference; lastKnownFileType = sourcecode.c.c; path = main.c; sourceTree = "<group>"; };
/* End PBXFileReference section */

/* Begin PBXFrameworksBuildPhase section */
		15B9DB021CA1A16F00AE3E83 /* Frameworks */ = {
			isa = PBXFrameworksBuildPhase;
			buildActionMask = 2147483647;
			files = (
			);
			runOnlyForDeploymentPostprocessing = 0;
		};
/* End PBXFrameworksBuildPhase section */

/* Begin PBXGroup section */
		15B9DAFC1CA1A16F00AE3E83 = {
			isa = PBXGroup;
			children = (
				15B9DB071CA1A16F00AE3E83 /* anyKextLoader */,
				15B9DB061CA1A16F00AE3E83 /* Products */,
			);
			sourceTree = "<group>";
		};
		15B9DB061CA1A16F00AE3E83 /* Products */ = {
			isa = PBXGroup;
			children = (
				15B9DB051CA1A16F00AE3E83 /* anyKextLoader */,
			);
			name = Products;
			sourceTree = "<group>";
		};
		15B9DB071CA1A16F00AE3E83 /* anyKextLoader */ = {
			isa = PBXGroup;
			children = (
				15B9DB081CA1A16F00AE3E83 /* main.c */,
			);
			path = anyKextLoader;
			sourceTree = "<group>";
		};
/* End PBXGroup section */

/* Begin PBXNativeTarget section */
		15B9DB041CA1A16F00AE3E83 /* anyKextLoader */ = {
			isa = PBXNativeTarget;
			buildConfigurationList = 15B9DB0C1CA1A16F00AE3E83 /* Build configuration list for PBXNativeTarget "anyKextLoader" */;
			buildPhases = (
				15B9DB011CA1A16F00AE3E83 /* Sources */,
				15B9DB021CA1A16F00AE3E83 /* Frameworks */,
				15B9DB031CA1A16F00AE3E83 /* CopyFiles */,
			);
			buildRules = (
			);
			dependencies = (
			);
			name = anyKextLoader;
			productName = anyKextLoader;
			productReference = 15B9DB051CA1A16F00AE3E83 /* anyKextLoader */;
			productType = "com.apple.product-type.tool";
		};
/* End PBXNativeTarget section */

/* Begin PBXProject section */
		15B9DAFD1CA1A16F00AE3E83 /* Project object */ = {
			isa = PBXProject;
			attributes = {
				LastUpgradeCheck = 0730;
				ORGANIZATIONNAME = "Linus Henze";
				TargetAttributes = {
					15B9DB041CA1A16F00AE3E83 = {
						CreatedOnToolsVersion = 7.3;
					};
				};
			};
			buildConfigurationList = 15B9DB001CA1A16F00AE3E83 /* Build configuration list for PBXProject "anyKextLoader" */;
			compatibilityVersion = "Xcode 3.2";
			developmentRegion = English;
			hasScannedForEncodings = 0;
			knownRegions = (
				en,
			);
			mainGroup = 15B9DAFC1CA1A16F00AE3E83;
			productRefGroup = 15B9DB061CA1A16F00AE3E83 /* Products */;
			projectDirPath = "";
			projectRoot = "";
			targets = (
				15B9DB041CA1A16F00AE3E83 /* anyKextLoader */,
			);
		};
/* End PBXProject section */

/* Begin PBXSourcesBuildPhase section */
		15B9DB011CA1A16F00AE3E83 /* Sources */ = {
			isa = PBXSourcesBuildPhase;
			buildActionMask = 2147483647;
			files = (
				15B9DB091CA1A16F00AE3E83 /* main.c in Sources */,
			);
			runOnlyForDeploymentPostprocessing = 0;
		};
/* End PBXSourcesBuildPhase section */

/* Begin XCBuildConfiguration section */
		15B9DB0A1CA1A16F00AE3E83 /* Debug */ = {
			isa = XCBuildConfiguration;
			buildSettings = {
				ALWAYS_SEARCH_USER_PATHS = NO;
				CLANG_ANALYZER_NONNULL = YES;
				CLANG_CXX_LANGUAGE_STANDARD = "gnu++0x";
				CLANG_CXX_LIBRARY = "libc++";
				CLANG_ENABLE_MODULES = YES;
				CLANG_ENABLE_OBJC_ARC = YES;
				CLANG_WARN_BOOL_CONVERSION = YES;
				CLANG_WARN_CONSTANT_CONVERSION = YES;
				CLANG_WARN_DIRECT_OBJC_ISA_USAGE = YES_ERROR;
				CLANG_WARN_EMPTY_BODY = YES;
				CLANG_WARN_ENUM_CONVERSION = YES;
				CLANG_WARN_INT_CONVERSION = YES;
				CLANG_WARN_OBJC_ROOT_CLASS = YES_ERROR;
				CLANG_WARN_UNREACHABLE_CODE = YES;
				CLANG_WARN__DUPLICATE_METHOD_MATCH = YES;
				CODE_SIGN_IDENTITY = "-";
				COPY_PHASE_STRIP = NO;
				DEBUG_INFORMATION_FORMAT = dwarf;
				ENABLE_STRICT_OBJC_MSGSEND = YES;
				ENABLE_TESTABILITY = YES;
				GCC_C_LANGUAGE_STANDARD = gnu99;
				GCC_DYNAMIC_NO_PIC = NO;
				GCC_NO_COMMON_BLOCKS = YES;
				GCC_OPTIMIZATION_LEVEL = 0;
				GCC_PREPROCESSOR_DEFINITIONS = (
					"DEBUG=1",
					"$(inherited)",
				);
				GCC_WARN_64_TO_32_BIT_CONVERSION = YES;
				GCC_WARN_ABOUT_RETURN_TYPE = YES_ERROR;
				GCC_WARN_UNDECLARED_SELECTOR = YES;
				GCC_WARN_UNINITIALIZED_AUTOS = YES_AGGRESSIVE;
				GCC_WARN_UNUSED_FUNCTION = YES;
				GCC_WARN_UNUSED_VARIABLE = YES;
				MACOSX_DEPLOYMENT_TARGET = 10.11;
				MTL_ENABLE_DEBUG_INFO = YES;
				ONLY_ACTIVE_ARCH = YES;
				SDKROOT = macosx;
			};
			name = Debug;
		};
		15B9DB0B1CA1A16F00AE3E83 /* Release */ = {
			isa = XCBuildConfiguration;
			buildSettings = {
				ALWAYS_SEARCH_USER_PATHS = NO;
				CLANG_ANALYZER_NONNULL = YES;
				CLANG_CXX_LANGUAGE_STANDARD = "gnu++0x";
				CLANG_CXX_LIBRARY = "libc++";
				CLANG_ENABLE_MODULES = YES;
				CLANG_ENABLE_OBJC_ARC = YES;
				CLANG_WARN_BOOL_CONVERSION = YES;
				CLANG_WARN_CONSTANT_CONVERSION = YES;
				CLANG_WARN_DIRECT_OBJC_ISA_USAGE = YES_ERROR;
				CLANG_WARN_EMPTY_BODY = YES;
				CLANG_WARN_ENUM_CONVERSION = YES;
				CLANG_WARN_INT_CONVERSION = YES;
				CLANG_WARN_OBJC_ROOT_CLASS = YES_ERROR;
				CLANG_WARN_UNREACHABLE_CODE = YES;
				CLANG_WARN__DUPLICATE_METHOD_MATCH = YES;
				CODE_SIGN_IDENTITY = "-";
				COPY_PHASE_STRIP = NO;
				DEBUG_INFORMATION_FORMAT = "dwarf-with-dsym";
				ENABLE_NS_ASSERTIONS = NO;
				ENABLE_STRICT_OBJC_MSGSEND = YES;
				GCC_C_LANGUAGE_STANDARD = gnu99;
				GCC_NO_COMMON_BLOCKS = YES;
				GCC_WARN_64_TO_32_BIT_CONVERSION = YES;
				GCC_WARN_ABOUT_RETURN_TYPE = YES_ERROR;
				GCC_WARN_UNDECLARED_SELECTOR = YES;
				GCC_WARN_UNINITIALIZED_AUTOS = YES_AGGRESSIVE;
				GCC_WARN_UNUSED_FUNCTION = YES;
				GCC_WARN_UNUSED_VARIABLE = YES;
				MACOSX_DEPLOYMENT_TARGET = 10.11;
				MTL_ENABLE_DEBUG_INFO = NO;
				SDKROOT = macosx;
			};
			name = Release;
		};
		15B9DB0D1CA1A16F00AE3E83 /* Debug */ = {
			isa = XCBuildConfiguration;
			buildSettings = {
				PRODUCT_NAME = "$(TARGET_NAME)";
			};
			name = Debug;
		};
		15B9DB0E1CA1A16F00AE3E83 /* Release */ = {
			isa = XCBuildConfiguration;
			buildSettings = {
				PRODUCT_NAME = "$(TARGET_NAME)";
			};
			name = Release;
		};
/* End XCBuildConfiguration section */

/* Begin XCConfigurationList section */
		15B9DB001CA1A16F00AE3E83 /* Build configuration list for PBXProject "anyKextLoader" */ = {
			isa = XCConfigurationList;
			buildConfigurations = (
				15B9DB0A1CA1A16F00AE3E83 /* Debug */,
				15B9DB0B1CA1A16F00AE3E83 /* Release */,
			);
			defaultConfigurationIsVisible = 0;
			defaultConfigurationName = Release;
		};
		15B9DB0C1CA1A16F00AE3E83 /* Build configuration list for PBXNativeTarget "anyKextLoader" */ = {
			isa = XCConfigurationList;
			buildConfigurations = (
				15B9DB0D1CA1A16F00AE3E83 /* Debug */,
				15B9DB0E1CA1A16F00AE3E83 /* Release */,
			);
			defaultConfigurationIsVisible = 0;
		};
/* End XCConfigurationList section */
	};
	rootObject = 15B9DAFD1CA1A16F00AE3E83 /* Project object */;
}
